
Microsoft Visual Studio Solution File, Format Version 12.00
# Visual Studio Version 17
VisualStudioVersion = 17.2.32526.322
MinimumVisualStudioVersion = 10.0.40219.1
Project("{FAE04EC0-301F-11D3-BF4B-00C04F79EFBC}") = "GameBackend", "GameBackend\GameBackend.csproj", "{01075C43-E04C-4E68-BBBC-2BBC878577BA}"
EndProject
Global
	GlobalSection(SolutionConfigurationPlatforms) = preSolution
		Debug|Any CPU = Debug|Any CPU
		Release|Any CPU = Release|Any CPU
	EndGlobalSection
	GlobalSection(ProjectConfigurationPlatforms) = postSolution
		{01075C43-E04C-4E68-BBBC-2BBC878577BA}.Debug|Any CPU.ActiveCfg = Debug|Any CPU
		{01075C43-E04C-4E68-BBBC-2BBC878577BA}.Debug|Any CPU.Build.0 = Debug|Any CPU
		{01075C43-E04C-4E68-BBBC-2BBC878577BA}.Release|Any CPU.ActiveCfg = Release|Any CPU
		{01075C43-E04C-4E68-BBBC-2BBC878577BA}.Release|Any CPU.Build.0 = Release|Any CPU
	EndGlobalSection
	GlobalSection(SolutionProperties) = preSolution
		HideSolutionNode = FALSE
	EndGlobalSection
	GlobalSection(ExtensibilityGlobals) = postSolution
		SolutionGuid = {BA3B7FC4-D824-4408-98E1-E2A4ECAF2828}
	EndGlobalSection
EndGlobal
